
Microsoft Visual Studio Solution File, Format Version 12.00
# Visual Studio 15
VisualStudioVersion = 15.0.28307.329
MinimumVisualStudioVersion = 10.0.40219.1
Project("{FAE04EC0-301F-11D3-BF4B-00C04F79EFBC}") = "WebApplication1", "WebApplication1\WebApplication1.csproj", "{C77B45E9-0BE7-40BA-AC87-468C662E9360}"
EndProject
Global
	GlobalSection(SolutionConfigurationPlatforms) = preSolution
		Debug|Any CPU = Debug|Any CPU
		Release|Any CPU = Release|Any CPU
	EndGlobalSection
	GlobalSection(ProjectConfigurationPlatforms) = postSolution
		{C77B45E9-0BE7-40BA-AC87-468C662E9360}.Debug|Any CPU.ActiveCfg = Debug|Any CPU
		{C77B45E9-0BE7-40BA-AC87-468C662E9360}.Debug|Any CPU.Build.0 = Debug|Any CPU
		{C77B45E9-0BE7-40BA-AC87-468C662E9360}.Release|Any CPU.ActiveCfg = Release|Any CPU
		{C77B45E9-0BE7-40BA-AC87-468C662E9360}.Release|Any CPU.Build.0 = Release|Any CPU
	EndGlobalSection
	GlobalSection(SolutionProperties) = preSolution
		HideSolutionNode = FALSE
	EndGlobalSection
	GlobalSection(ExtensibilityGlobals) = postSolution
		SolutionGuid = {D4E89859-35C1-4872-86CA-8E53100791C1}
	EndGlobalSection
EndGlobal
